// !$*UTF8*$!
{
	archiveVersion = 1;
	classes = {
	};
	objectVersion = 46;
	objects = {

/* Begin PBXBuildFile section */
		FEAA41B71EFFA08D006CC927 /* AppDelegate.swift in Sources */ = {isa = PBXBuildFile; fileRef = FEAA41B61EFFA08D006CC927 /* AppDelegate.swift */; };
		FEAA41B91EFFA08D006CC927 /* ViewController.swift in Sources */ = {isa = PBXBuildFile; fileRef = FEAA41B81EFFA08D006CC927 /* ViewController.swift */; };
		FEAA41BC1EFFA08D006CC927 /* Main.storyboard in Resources */ = {isa = PBXBuildFile; fileRef = FEAA41BA1EFFA08D006CC927 /* Main.storyboard */; };
		FEAA41BE1EFFA08D006CC927 /* Assets.xcassets in Resources */ = {isa = PBXBuildFile; fileRef = FEAA41BD1EFFA08D006CC927 /* Assets.xcassets */; };
		FEAA41C11EFFA08D006CC927 /* LaunchScreen.storyboard in Resources */ = {isa = PBXBuildFile; fileRef = FEAA41BF1EFFA08D006CC927 /* LaunchScreen.storyboard */; };
		FEAA41CD1EFFA133006CC927 /* GMEllipticCurveCrypto.m in Sources */ = {isa = PBXBuildFile; fileRef = FEAA41CA1EFFA133006CC927 /* GMEllipticCurveCrypto.m */; };
		FEAA41CE1EFFA133006CC927 /* GMEllipticCurveCrypto+hash.m in Sources */ = {isa = PBXBuildFile; fileRef = FEAA41CC1EFFA133006CC927 /* GMEllipticCurveCrypto+hash.m */; };
		FEE14B631F0117FB00F87995 /* SwiftyEC.framework in Frameworks */ = {isa = PBXBuildFile; fileRef = FEE14B621F0117FB00F87995 /* SwiftyEC.framework */; };
		FEE14B641F0117FB00F87995 /* SwiftyEC.framework in Embed Frameworks */ = {isa = PBXBuildFile; fileRef = FEE14B621F0117FB00F87995 /* SwiftyEC.framework */; settings = {ATTRIBUTES = (CodeSignOnCopy, RemoveHeadersOnCopy, ); }; };
/* End PBXBuildFile section */

/* Begin PBXCopyFilesBuildPhase section */
		FEE14B611F010AEC00F87995 /* Embed Frameworks */ = {
			isa = PBXCopyFilesBuildPhase;
			buildActionMask = 2147483647;
			dstPath = "";
			dstSubfolderSpec = 10;
			files = (
				FEE14B641F0117FB00F87995 /* SwiftyEC.framework in Embed Frameworks */,
			);
			name = "Embed Frameworks";
			runOnlyForDeploymentPostprocessing = 0;
		};
/* End PBXCopyFilesBuildPhase section */

/* Begin PBXFileReference section */
		FEAA41B31EFFA08D006CC927 /* CryptoTest.app */ = {isa = PBXFileReference; explicitFileType = wrapper.application; includeInIndex = 0; path = CryptoTest.app; sourceTree = BUILT_PRODUCTS_DIR; };
		FEAA41B61EFFA08D006CC927 /* AppDelegate.swift */ = {isa = PBXFileReference; lastKnownFileType = sourcecode.swift; path = AppDelegate.swift; sourceTree = "<group>"; };
		FEAA41B81EFFA08D006CC927 /* ViewController.swift */ = {isa = PBXFileReference; lastKnownFileType = sourcecode.swift; path = ViewController.swift; sourceTree = "<group>"; };
		FEAA41BB1EFFA08D006CC927 /* Base */ = {isa = PBXFileReference; lastKnownFileType = file.storyboard; name = Base; path = Base.lproj/Main.storyboard; sourceTree = "<group>"; };
		FEAA41BD1EFFA08D006CC927 /* Assets.xcassets */ = {isa = PBXFileReference; lastKnownFileType = folder.assetcatalog; path = Assets.xcassets; sourceTree = "<group>"; };
		FEAA41C01EFFA08D006CC927 /* Base */ = {isa = PBXFileReference; lastKnownFileType = file.storyboard; name = Base; path = Base.lproj/LaunchScreen.storyboard; sourceTree = "<group>"; };
		FEAA41C21EFFA08D006CC927 /* Info.plist */ = {isa = PBXFileReference; lastKnownFileType = text.plist.xml; path = Info.plist; sourceTree = "<group>"; };
		FEAA41C81EFFA133006CC927 /* CryptoTest-Bridging-Header.h */ = {isa = PBXFileReference; lastKnownFileType = sourcecode.c.h; path = "CryptoTest-Bridging-Header.h"; sourceTree = "<group>"; };
		FEAA41C91EFFA133006CC927 /* GMEllipticCurveCrypto.h */ = {isa = PBXFileReference; fileEncoding = 4; lastKnownFileType = sourcecode.c.h; path = GMEllipticCurveCrypto.h; sourceTree = "<group>"; };
		FEAA41CA1EFFA133006CC927 /* GMEllipticCurveCrypto.m */ = {isa = PBXFileReference; fileEncoding = 4; lastKnownFileType = sourcecode.c.objc; path = GMEllipticCurveCrypto.m; sourceTree = "<group>"; };
		FEAA41CB1EFFA133006CC927 /* GMEllipticCurveCrypto+hash.h */ = {isa = PBXFileReference; fileEncoding = 4; lastKnownFileType = sourcecode.c.h; path = "GMEllipticCurveCrypto+hash.h"; sourceTree = "<group>"; };
		FEAA41CC1EFFA133006CC927 /* GMEllipticCurveCrypto+hash.m */ = {isa = PBXFileReference; fileEncoding = 4; lastKnownFileType = sourcecode.c.objc; path = "GMEllipticCurveCrypto+hash.m"; sourceTree = "<group>"; };
		FEAB95F21F013DF800F68AE9 /* CryptoTest.entitlements */ = {isa = PBXFileReference; lastKnownFileType = text.plist.entitlements; path = CryptoTest.entitlements; sourceTree = "<group>"; };
		FEE14B621F0117FB00F87995 /* SwiftyEC.framework */ = {isa = PBXFileReference; explicitFileType = wrapper.framework; path = SwiftyEC.framework; sourceTree = BUILT_PRODUCTS_DIR; };
/* End PBXFileReference section */

/* Begin PBXFrameworksBuildPhase section */
		FEAA41B01EFFA08D006CC927 /* Frameworks */ = {
			isa = PBXFrameworksBuildPhase;
			buildActionMask = 2147483647;
			files = (
				FEE14B631F0117FB00F87995 /* SwiftyEC.framework in Frameworks */,
			);
			runOnlyForDeploymentPostprocessing = 0;
		};
/* End PBXFrameworksBuildPhase section */

/* Begin PBXGroup section */
		FEAA41AA1EFFA08D006CC927 = {
			isa = PBXGroup;
			children = (
				FEE14B621F0117FB00F87995 /* SwiftyEC.framework */,
				FEAA41B51EFFA08D006CC927 /* CryptoTest */,
				FEAA41B41EFFA08D006CC927 /* Products */,
				FEE14B171F00F79100F87995 /* Frameworks */,
			);
			sourceTree = "<group>";
		};
		FEAA41B41EFFA08D006CC927 /* Products */ = {
			isa = PBXGroup;
			children = (
				FEAA41B31EFFA08D006CC927 /* CryptoTest.app */,
			);
			name = Products;
			sourceTree = "<group>";
		};
		FEAA41B51EFFA08D006CC927 /* CryptoTest */ = {
			isa = PBXGroup;
			children = (
				FEAB95F21F013DF800F68AE9 /* CryptoTest.entitlements */,
				FEAA41B61EFFA08D006CC927 /* AppDelegate.swift */,
				FEAA41B81EFFA08D006CC927 /* ViewController.swift */,
				FEAA41BA1EFFA08D006CC927 /* Main.storyboard */,
				FEAA41C91EFFA133006CC927 /* GMEllipticCurveCrypto.h */,
				FEAA41CA1EFFA133006CC927 /* GMEllipticCurveCrypto.m */,
				FEAA41CB1EFFA133006CC927 /* GMEllipticCurveCrypto+hash.h */,
				FEAA41CC1EFFA133006CC927 /* GMEllipticCurveCrypto+hash.m */,
				FEAA41BD1EFFA08D006CC927 /* Assets.xcassets */,
				FEAA41BF1EFFA08D006CC927 /* LaunchScreen.storyboard */,
				FEAA41C21EFFA08D006CC927 /* Info.plist */,
				FEAA41C81EFFA133006CC927 /* CryptoTest-Bridging-Header.h */,
			);
			path = CryptoTest;
			sourceTree = "<group>";
		};
		FEE14B171F00F79100F87995 /* Frameworks */ = {
			isa = PBXGroup;
			children = (
			);
			name = Frameworks;
			sourceTree = "<group>";
		};
/* End PBXGroup section */

/* Begin PBXNativeTarget section */
		FEAA41B21EFFA08D006CC927 /* CryptoTest */ = {
			isa = PBXNativeTarget;
			buildConfigurationList = FEAA41C51EFFA08D006CC927 /* Build configuration list for PBXNativeTarget "CryptoTest" */;
			buildPhases = (
				FEAA41AF1EFFA08D006CC927 /* Sources */,
				FEAA41B01EFFA08D006CC927 /* Frameworks */,
				FEAA41B11EFFA08D006CC927 /* Resources */,
				FEE14B611F010AEC00F87995 /* Embed Frameworks */,
			);
			buildRules = (
			);
			dependencies = (
			);
			name = CryptoTest;
			productName = CryptoTest;
			productReference = FEAA41B31EFFA08D006CC927 /* CryptoTest.app */;
			productType = "com.apple.product-type.application";
		};
/* End PBXNativeTarget section */

/* Begin PBXProject section */
		FEAA41AB1EFFA08D006CC927 /* Project object */ = {
			isa = PBXProject;
			attributes = {
				LastSwiftUpdateCheck = 0820;
				LastUpgradeCheck = 0820;
				ORGANIZATIONNAME = "Akilan Thirunavukka Arasu";
				TargetAttributes = {
					FEAA41B21EFFA08D006CC927 = {
						CreatedOnToolsVersion = 8.2.1;
						DevelopmentTeam = XJDFZWRHWD;
						LastSwiftMigration = 0820;
						ProvisioningStyle = Automatic;
						SystemCapabilities = {
							com.apple.Keychain = {
								enabled = 1;
							};
						};
					};
				};
			};
			buildConfigurationList = FEAA41AE1EFFA08D006CC927 /* Build configuration list for PBXProject "CryptoTest" */;
			compatibilityVersion = "Xcode 3.2";
			developmentRegion = English;
			hasScannedForEncodings = 0;
			knownRegions = (
				en,
				Base,
			);
			mainGroup = FEAA41AA1EFFA08D006CC927;
			productRefGroup = FEAA41B41EFFA08D006CC927 /* Products */;
			projectDirPath = "";
			projectRoot = "";
			targets = (
				FEAA41B21EFFA08D006CC927 /* CryptoTest */,
			);
		};
/* End PBXProject section */

/* Begin PBXResourcesBuildPhase section */
		FEAA41B11EFFA08D006CC927 /* Resources */ = {
			isa = PBXResourcesBuildPhase;
			buildActionMask = 2147483647;
			files = (
				FEAA41C11EFFA08D006CC927 /* LaunchScreen.storyboard in Resources */,
				FEAA41BE1EFFA08D006CC927 /* Assets.xcassets in Resources */,
				FEAA41BC1EFFA08D006CC927 /* Main.storyboard in Resources */,
			);
			runOnlyForDeploymentPostprocessing = 0;
		};
/* End PBXResourcesBuildPhase section */

/* Begin PBXSourcesBuildPhase section */
		FEAA41AF1EFFA08D006CC927 /* Sources */ = {
			isa = PBXSourcesBuildPhase;
			buildActionMask = 2147483647;
			files = (
				FEAA41B91EFFA08D006CC927 /* ViewController.swift in Sources */,
				FEAA41CD1EFFA133006CC927 /* GMEllipticCurveCrypto.m in Sources */,
				FEAA41CE1EFFA133006CC927 /* GMEllipticCurveCrypto+hash.m in Sources */,
				FEAA41B71EFFA08D006CC927 /* AppDelegate.swift in Sources */,
			);
			runOnlyForDeploymentPostprocessing = 0;
		};
/* End PBXSourcesBuildPhase section */

/* Begin PBXVariantGroup section */
		FEAA41BA1EFFA08D006CC927 /* Main.storyboard */ = {
			isa = PBXVariantGroup;
			children = (
				FEAA41BB1EFFA08D006CC927 /* Base */,
			);
			name = Main.storyboard;
			sourceTree = "<group>";
		};
		FEAA41BF1EFFA08D006CC927 /* LaunchScreen.storyboard */ = {
			isa = PBXVariantGroup;
			children = (
				FEAA41C01EFFA08D006CC927 /* Base */,
			);
			name = LaunchScreen.storyboard;
			sourceTree = "<group>";
		};
/* End PBXVariantGroup section */

/* Begin XCBuildConfiguration section */
		FEAA41C31EFFA08D006CC927 /* Debug */ = {
			isa = XCBuildConfiguration;
			buildSettings = {
				ALWAYS_SEARCH_USER_PATHS = NO;
				CLANG_ANALYZER_NONNULL = YES;
				CLANG_CXX_LANGUAGE_STANDARD = "gnu++0x";
				CLANG_CXX_LIBRARY = "libc++";
				CLANG_ENABLE_MODULES = YES;
				CLANG_ENABLE_OBJC_ARC = YES;
				CLANG_WARN_BOOL_CONVERSION = YES;
				CLANG_WARN_CONSTANT_CONVERSION = YES;
				CLANG_WARN_DIRECT_OBJC_ISA_USAGE = YES_ERROR;
				CLANG_WARN_DOCUMENTATION_COMMENTS = YES;
				CLANG_WARN_EMPTY_BODY = YES;
				CLANG_WARN_ENUM_CONVERSION = YES;
				CLANG_WARN_INFINITE_RECURSION = YES;
				CLANG_WARN_INT_CONVERSION = YES;
				CLANG_WARN_OBJC_ROOT_CLASS = YES_ERROR;
				CLANG_WARN_SUSPICIOUS_MOVE = YES;
				CLANG_WARN_UNREACHABLE_CODE = YES;
				CLANG_WARN__DUPLICATE_METHOD_MATCH = YES;
				"CODE_SIGN_IDENTITY[sdk=iphoneos*]" = "iPhone Developer";
				COPY_PHASE_STRIP = NO;
				DEBUG_INFORMATION_FORMAT = dwarf;
				ENABLE_STRICT_OBJC_MSGSEND = YES;
				ENABLE_TESTABILITY = YES;
				GCC_C_LANGUAGE_STANDARD = gnu99;
				GCC_DYNAMIC_NO_PIC = NO;
				GCC_NO_COMMON_BLOCKS = YES;
				GCC_OPTIMIZATION_LEVEL = 0;
				GCC_PREPROCESSOR_DEFINITIONS = (
					"DEBUG=1",
					"$(inherited)",
				);
				GCC_WARN_64_TO_32_BIT_CONVERSION = YES;
				GCC_WARN_ABOUT_RETURN_TYPE = YES_ERROR;
				GCC_WARN_UNDECLARED_SELECTOR = YES;
				GCC_WARN_UNINITIALIZED_AUTOS = YES_AGGRESSIVE;
				GCC_WARN_UNUSED_FUNCTION = YES;
				GCC_WARN_UNUSED_VARIABLE = YES;
				IPHONEOS_DEPLOYMENT_TARGET = 10.2;
				MTL_ENABLE_DEBUG_INFO = YES;
				ONLY_ACTIVE_ARCH = YES;
				SDKROOT = iphoneos;
				SWIFT_ACTIVE_COMPILATION_CONDITIONS = DEBUG;
				SWIFT_OPTIMIZATION_LEVEL = "-Onone";
			};
			name = Debug;
		};
		FEAA41C41EFFA08D006CC927 /* Release */ = {
			isa = XCBuildConfiguration;
			buildSettings = {
				ALWAYS_SEARCH_USER_PATHS = NO;
				CLANG_ANALYZER_NONNULL = YES;
				CLANG_CXX_LANGUAGE_STANDARD = "gnu++0x";
				CLANG_CXX_LIBRARY = "libc++";
				CLANG_ENABLE_MODULES = YES;
				CLANG_ENABLE_OBJC_ARC = YES;
				CLANG_WARN_BOOL_CONVERSION = YES;
				CLANG_WARN_CONSTANT_CONVERSION = YES;
				CLANG_WARN_DIRECT_OBJC_ISA_USAGE = YES_ERROR;
				CLANG_WARN_DOCUMENTATION_COMMENTS = YES;
				CLANG_WARN_EMPTY_BODY = YES;
				CLANG_WARN_ENUM_CONVERSION = YES;
				CLANG_WARN_INFINITE_RECURSION = YES;
				CLANG_WARN_INT_CONVERSION = YES;
				CLANG_WARN_OBJC_ROOT_CLASS = YES_ERROR;
				CLANG_WARN_SUSPICIOUS_MOVE = YES;
				CLANG_WARN_UNREACHABLE_CODE = YES;
				CLANG_WARN__DUPLICATE_METHOD_MATCH = YES;
				"CODE_SIGN_IDENTITY[sdk=iphoneos*]" = "iPhone Developer";
				COPY_PHASE_STRIP = NO;
				DEBUG_INFORMATION_FORMAT = "dwarf-with-dsym";
				ENABLE_NS_ASSERTIONS = NO;
				ENABLE_STRICT_OBJC_MSGSEND = YES;
				GCC_C_LANGUAGE_STANDARD = gnu99;
				GCC_NO_COMMON_BLOCKS = YES;
				GCC_WARN_64_TO_32_BIT_CONVERSION = YES;
				GCC_WARN_ABOUT_RETURN_TYPE = YES_ERROR;
				GCC_WARN_UNDECLARED_SELECTOR = YES;
				GCC_WARN_UNINITIALIZED_AUTOS = YES_AGGRESSIVE;
				GCC_WARN_UNUSED_FUNCTION = YES;
				GCC_WARN_UNUSED_VARIABLE = YES;
				IPHONEOS_DEPLOYMENT_TARGET = 10.2;
				MTL_ENABLE_DEBUG_INFO = NO;
				SDKROOT = iphoneos;
				SWIFT_OPTIMIZATION_LEVEL = "-Owholemodule";
				VALIDATE_PRODUCT = YES;
			};
			name = Release;
		};
		FEAA41C61EFFA08D006CC927 /* Debug */ = {
			isa = XCBuildConfiguration;
			buildSettings = {
				ASSETCATALOG_COMPILER_APPICON_NAME = AppIcon;
				CLANG_ENABLE_MODULES = YES;
				CODE_SIGN_ENTITLEMENTS = CryptoTest/CryptoTest.entitlements;
				CODE_SIGN_IDENTITY = "iPhone Developer: Akilan Arasu (H577F6QG43)";
				"CODE_SIGN_IDENTITY[sdk=iphoneos*]" = "iPhone Developer";
				DEVELOPMENT_TEAM = XJDFZWRHWD;
				FRAMEWORK_SEARCH_PATHS = (
					"$(SRCROOT)/**",
					"$(PROJECT_DIR)/build/Debug-iphoneos",
					"$(inherited)",
				);
				INFOPLIST_FILE = CryptoTest/Info.plist;
				LD_RUNPATH_SEARCH_PATHS = "$(inherited) @executable_path/Frameworks";
				PRODUCT_BUNDLE_IDENTIFIER = com.redblacktree.CryptoTest;
				PRODUCT_NAME = "$(TARGET_NAME)";
				PROVISIONING_PROFILE = "";
				PROVISIONING_PROFILE_SPECIFIER = "";
				SWIFT_OBJC_BRIDGING_HEADER = "CryptoTest/CryptoTest-Bridging-Header.h";
				SWIFT_OPTIMIZATION_LEVEL = "-Onone";
				SWIFT_VERSION = 3.0;
			};
			name = Debug;
		};
		FEAA41C71EFFA08D006CC927 /* Release */ = {
			isa = XCBuildConfiguration;
			buildSettings = {
				ASSETCATALOG_COMPILER_APPICON_NAME = AppIcon;
				CLANG_ENABLE_MODULES = YES;
				CODE_SIGN_ENTITLEMENTS = CryptoTest/CryptoTest.entitlements;
				CODE_SIGN_IDENTITY = "iPhone Developer: Akilan Arasu (H577F6QG43)";
				"CODE_SIGN_IDENTITY[sdk=iphoneos*]" = "iPhone Developer";
				DEVELOPMENT_TEAM = XJDFZWRHWD;
				FRAMEWORK_SEARCH_PATHS = (
					"$(SRCROOT)/**",
					"$(PROJECT_DIR)/build/Debug-iphoneos",
					"$(inherited)",
				);
				INFOPLIST_FILE = CryptoTest/Info.plist;
				LD_RUNPATH_SEARCH_PATHS = "$(inherited) @executable_path/Frameworks";
				PRODUCT_BUNDLE_IDENTIFIER = com.redblacktree.CryptoTest;
				PRODUCT_NAME = "$(TARGET_NAME)";
				SWIFT_OBJC_BRIDGING_HEADER = "CryptoTest/CryptoTest-Bridging-Header.h";
				SWIFT_VERSION = 3.0;
			};
			name = Release;
		};
/* End XCBuildConfiguration section */

/* Begin XCConfigurationList section */
		FEAA41AE1EFFA08D006CC927 /* Build configuration list for PBXProject "CryptoTest" */ = {
			isa = XCConfigurationList;
			buildConfigurations = (
				FEAA41C31EFFA08D006CC927 /* Debug */,
				FEAA41C41EFFA08D006CC927 /* Release */,
			);
			defaultConfigurationIsVisible = 0;
			defaultConfigurationName = Release;
		};
		FEAA41C51EFFA08D006CC927 /* Build configuration list for PBXNativeTarget "CryptoTest" */ = {
			isa = XCConfigurationList;
			buildConfigurations = (
				FEAA41C61EFFA08D006CC927 /* Debug */,
				FEAA41C71EFFA08D006CC927 /* Release */,
			);
			defaultConfigurationIsVisible = 0;
			defaultConfigurationName = Release;
		};
/* End XCConfigurationList section */
	};
	rootObject = FEAA41AB1EFFA08D006CC927 /* Project object */;
}
